// !$*UTF8*$!
{
	archiveVersion = 1;
	classes = {
	};
	objectVersion = 48;
	objects = {

/* Begin PBXBuildFile section */
		4F67CBDD2031CFF600EFF4A2 /* AppDelegate.swift in Sources */ = {isa = PBXBuildFile; fileRef = 4F67CBDC2031CFF600EFF4A2 /* AppDelegate.swift */; };
		4F67CBDF2031CFF600EFF4A2 /* ViewController.swift in Sources */ = {isa = PBXBuildFile; fileRef = 4F67CBDE2031CFF600EFF4A2 /* ViewController.swift */; };
		4F67CBE22031CFF600EFF4A2 /* Main.storyboard in Resources */ = {isa = PBXBuildFile; fileRef = 4F67CBE02031CFF600EFF4A2 /* Main.storyboard */; };
		4F67CBE42031CFF600EFF4A2 /* Assets.xcassets in Resources */ = {isa = PBXBuildFile; fileRef = 4F67CBE32031CFF600EFF4A2 /* Assets.xcassets */; };
		4F67CBE72031CFF600EFF4A2 /* LaunchScreen.storyboard in Resources */ = {isa = PBXBuildFile; fileRef = 4F67CBE52031CFF600EFF4A2 /* LaunchScreen.storyboard */; };
		4F67CBF22031CFF600EFF4A2 /* Bip_The_GuyTests.swift in Sources */ = {isa = PBXBuildFile; fileRef = 4F67CBF12031CFF600EFF4A2 /* Bip_The_GuyTests.swift */; };
/* End PBXBuildFile section */

/* Begin PBXContainerItemProxy section */
		4F67CBEE2031CFF600EFF4A2 /* PBXContainerItemProxy */ = {
			isa = PBXContainerItemProxy;
			containerPortal = 4F67CBD12031CFF600EFF4A2 /* Project object */;
			proxyType = 1;
			remoteGlobalIDString = 4F67CBD82031CFF600EFF4A2;
			remoteInfo = "Bip The Guy";
		};
/* End PBXContainerItemProxy section */

/* Begin PBXFileReference section */
		4F67CBD92031CFF600EFF4A2 /* Bip The Guy.app */ = {isa = PBXFileReference; explicitFileType = wrapper.application; includeInIndex = 0; path = "Bip The Guy.app"; sourceTree = BUILT_PRODUCTS_DIR; };
		4F67CBDC2031CFF600EFF4A2 /* AppDelegate.swift */ = {isa = PBXFileReference; lastKnownFileType = sourcecode.swift; path = AppDelegate.swift; sourceTree = "<group>"; };
		4F67CBDE2031CFF600EFF4A2 /* ViewController.swift */ = {isa = PBXFileReference; lastKnownFileType = sourcecode.swift; path = ViewController.swift; sourceTree = "<group>"; };
		4F67CBE12031CFF600EFF4A2 /* Base */ = {isa = PBXFileReference; lastKnownFileType = file.storyboard; name = Base; path = Base.lproj/Main.storyboard; sourceTree = "<group>"; };
		4F67CBE32031CFF600EFF4A2 /* Assets.xcassets */ = {isa = PBXFileReference; lastKnownFileType = folder.assetcatalog; path = Assets.xcassets; sourceTree = "<group>"; };
		4F67CBE62031CFF600EFF4A2 /* Base */ = {isa = PBXFileReference; lastKnownFileType = file.storyboard; name = Base; path = Base.lproj/LaunchScreen.storyboard; sourceTree = "<group>"; };
		4F67CBE82031CFF600EFF4A2 /* Info.plist */ = {isa = PBXFileReference; lastKnownFileType = text.plist.xml; path = Info.plist; sourceTree = "<group>"; };
		4F67CBED2031CFF600EFF4A2 /* Bip The GuyTests.xctest */ = {isa = PBXFileReference; explicitFileType = wrapper.cfbundle; includeInIndex = 0; path = "Bip The GuyTests.xctest"; sourceTree = BUILT_PRODUCTS_DIR; };
		4F67CBF12031CFF600EFF4A2 /* Bip_The_GuyTests.swift */ = {isa = PBXFileReference; lastKnownFileType = sourcecode.swift; path = Bip_The_GuyTests.swift; sourceTree = "<group>"; };
		4F67CBF32031CFF600EFF4A2 /* Info.plist */ = {isa = PBXFileReference; lastKnownFileType = text.plist.xml; path = Info.plist; sourceTree = "<group>"; };
/* End PBXFileReference section */

/* Begin PBXFrameworksBuildPhase section */
		4F67CBD62031CFF600EFF4A2 /* Frameworks */ = {
			isa = PBXFrameworksBuildPhase;
			buildActionMask = 2147483647;
			files = (
			);
			runOnlyForDeploymentPostprocessing = 0;
		};
		4F67CBEA2031CFF600EFF4A2 /* Frameworks */ = {
			isa = PBXFrameworksBuildPhase;
			buildActionMask = 2147483647;
			files = (
			);
			runOnlyForDeploymentPostprocessing = 0;
		};
/* End PBXFrameworksBuildPhase section */

/* Begin PBXGroup section */
		4F67CBD02031CFF600EFF4A2 = {
			isa = PBXGroup;
			children = (
				4F67CBDB2031CFF600EFF4A2 /* Bip The Guy */,
				4F67CBF02031CFF600EFF4A2 /* Bip The GuyTests */,
				4F67CBDA2031CFF600EFF4A2 /* Products */,
			);
			sourceTree = "<group>";
		};
		4F67CBDA2031CFF600EFF4A2 /* Products */ = {
			isa = PBXGroup;
			children = (
				4F67CBD92031CFF600EFF4A2 /* Bip The Guy.app */,
				4F67CBED2031CFF600EFF4A2 /* Bip The GuyTests.xctest */,
			);
			name = Products;
			sourceTree = "<group>";
		};
		4F67CBDB2031CFF600EFF4A2 /* Bip The Guy */ = {
			isa = PBXGroup;
			children = (
				4F67CBDC2031CFF600EFF4A2 /* AppDelegate.swift */,
				4F67CBDE2031CFF600EFF4A2 /* ViewController.swift */,
				4F67CBE02031CFF600EFF4A2 /* Main.storyboard */,
				4F67CBE32031CFF600EFF4A2 /* Assets.xcassets */,
				4F67CBE52031CFF600EFF4A2 /* LaunchScreen.storyboard */,
				4F67CBE82031CFF600EFF4A2 /* Info.plist */,
			);
			path = "Bip The Guy";
			sourceTree = "<group>";
		};
		4F67CBF02031CFF600EFF4A2 /* Bip The GuyTests */ = {
			isa = PBXGroup;
			children = (
				4F67CBF12031CFF600EFF4A2 /* Bip_The_GuyTests.swift */,
				4F67CBF32031CFF600EFF4A2 /* Info.plist */,
			);
			path = "Bip The GuyTests";
			sourceTree = "<group>";
		};
/* End PBXGroup section */

/* Begin PBXNativeTarget section */
		4F67CBD82031CFF600EFF4A2 /* Bip The Guy */ = {
			isa = PBXNativeTarget;
			buildConfigurationList = 4F67CBF62031CFF600EFF4A2 /* Build configuration list for PBXNativeTarget "Bip The Guy" */;
			buildPhases = (
				4F67CBD52031CFF600EFF4A2 /* Sources */,
				4F67CBD62031CFF600EFF4A2 /* Frameworks */,
				4F67CBD72031CFF600EFF4A2 /* Resources */,
			);
			buildRules = (
			);
			dependencies = (
			);
			name = "Bip The Guy";
			productName = "Bip The Guy";
			productReference = 4F67CBD92031CFF600EFF4A2 /* Bip The Guy.app */;
			productType = "com.apple.product-type.application";
		};
		4F67CBEC2031CFF600EFF4A2 /* Bip The GuyTests */ = {
			isa = PBXNativeTarget;
			buildConfigurationList = 4F67CBF92031CFF600EFF4A2 /* Build configuration list for PBXNativeTarget "Bip The GuyTests" */;
			buildPhases = (
				4F67CBE92031CFF600EFF4A2 /* Sources */,
				4F67CBEA2031CFF600EFF4A2 /* Frameworks */,
				4F67CBEB2031CFF600EFF4A2 /* Resources */,
			);
			buildRules = (
			);
			dependencies = (
				4F67CBEF2031CFF600EFF4A2 /* PBXTargetDependency */,
			);
			name = "Bip The GuyTests";
			productName = "Bip The GuyTests";
			productReference = 4F67CBED2031CFF600EFF4A2 /* Bip The GuyTests.xctest */;
			productType = "com.apple.product-type.bundle.unit-test";
		};
/* End PBXNativeTarget section */

/* Begin PBXProject section */
		4F67CBD12031CFF600EFF4A2 /* Project object */ = {
			isa = PBXProject;
			attributes = {
				LastSwiftUpdateCheck = 0920;
				LastUpgradeCheck = 0920;
				ORGANIZATIONNAME = "Noah Clark";
				TargetAttributes = {
					4F67CBD82031CFF600EFF4A2 = {
						CreatedOnToolsVersion = 9.2;
						ProvisioningStyle = Automatic;
					};
					4F67CBEC2031CFF600EFF4A2 = {
						CreatedOnToolsVersion = 9.2;
						ProvisioningStyle = Automatic;
						TestTargetID = 4F67CBD82031CFF600EFF4A2;
					};
				};
			};
			buildConfigurationList = 4F67CBD42031CFF600EFF4A2 /* Build configuration list for PBXProject "Bip The Guy" */;
			compatibilityVersion = "Xcode 8.0";
			developmentRegion = en;
			hasScannedForEncodings = 0;
			knownRegions = (
				en,
				Base,
			);
			mainGroup = 4F67CBD02031CFF600EFF4A2;
			productRefGroup = 4F67CBDA2031CFF600EFF4A2 /* Products */;
			projectDirPath = "";
			projectRoot = "";
			targets = (
				4F67CBD82031CFF600EFF4A2 /* Bip The Guy */,
				4F67CBEC2031CFF600EFF4A2 /* Bip The GuyTests */,
			);
		};
/* End PBXProject section */

/* Begin PBXResourcesBuildPhase section */
		4F67CBD72031CFF600EFF4A2 /* Resources */ = {
			isa = PBXResourcesBuildPhase;
			buildActionMask = 2147483647;
			files = (
				4F67CBE72031CFF600EFF4A2 /* LaunchScreen.storyboard in Resources */,
				4F67CBE42031CFF600EFF4A2 /* Assets.xcassets in Resources */,
				4F67CBE22031CFF600EFF4A2 /* Main.storyboard in Resources */,
			);
			runOnlyForDeploymentPostprocessing = 0;
		};
		4F67CBEB2031CFF600EFF4A2 /* Resources */ = {
			isa = PBXResourcesBuildPhase;
			buildActionMask = 2147483647;
			files = (
			);
			runOnlyForDeploymentPostprocessing = 0;
		};
/* End PBXResourcesBuildPhase section */

/* Begin PBXSourcesBuildPhase section */
		4F67CBD52031CFF600EFF4A2 /* Sources */ = {
			isa = PBXSourcesBuildPhase;
			buildActionMask = 2147483647;
			files = (
				4F67CBDF2031CFF600EFF4A2 /* ViewController.swift in Sources */,
				4F67CBDD2031CFF600EFF4A2 /* AppDelegate.swift in Sources */,
			);
			runOnlyForDeploymentPostprocessing = 0;
		};
		4F67CBE92031CFF600EFF4A2 /* Sources */ = {
			isa = PBXSourcesBuildPhase;
			buildActionMask = 2147483647;
			files = (
				4F67CBF22031CFF600EFF4A2 /* Bip_The_GuyTests.swift in Sources */,
			);
			runOnlyForDeploymentPostprocessing = 0;
		};
/* End PBXSourcesBuildPhase section */

/* Begin PBXTargetDependency section */
		4F67CBEF2031CFF600EFF4A2 /* PBXTargetDependency */ = {
			isa = PBXTargetDependency;
			target = 4F67CBD82031CFF600EFF4A2 /* Bip The Guy */;
			targetProxy = 4F67CBEE2031CFF600EFF4A2 /* PBXContainerItemProxy */;
		};
/* End PBXTargetDependency section */

/* Begin PBXVariantGroup section */
		4F67CBE02031CFF600EFF4A2 /* Main.storyboard */ = {
			isa = PBXVariantGroup;
			children = (
				4F67CBE12031CFF600EFF4A2 /* Base */,
			);
			name = Main.storyboard;
			sourceTree = "<group>";
		};
		4F67CBE52031CFF600EFF4A2 /* LaunchScreen.storyboard */ = {
			isa = PBXVariantGroup;
			children = (
				4F67CBE62031CFF600EFF4A2 /* Base */,
			);
			name = LaunchScreen.storyboard;
			sourceTree = "<group>";
		};
/* End PBXVariantGroup section */

/* Begin XCBuildConfiguration section */
		4F67CBF42031CFF600EFF4A2 /* Debug */ = {
			isa = XCBuildConfiguration;
			buildSettings = {
				ALWAYS_SEARCH_USER_PATHS = NO;
				CLANG_ANALYZER_NONNULL = YES;
				CLANG_ANALYZER_NUMBER_OBJECT_CONVERSION = YES_AGGRESSIVE;
				CLANG_CXX_LANGUAGE_STANDARD = "gnu++14";
				CLANG_CXX_LIBRARY = "libc++";
				CLANG_ENABLE_MODULES = YES;
				CLANG_ENABLE_OBJC_ARC = YES;
				CLANG_WARN_BLOCK_CAPTURE_AUTORELEASING = YES;
				CLANG_WARN_BOOL_CONVERSION = YES;
				CLANG_WARN_COMMA = YES;
				CLANG_WARN_CONSTANT_CONVERSION = YES;
				CLANG_WARN_DIRECT_OBJC_ISA_USAGE = YES_ERROR;
				CLANG_WARN_DOCUMENTATION_COMMENTS = YES;
				CLANG_WARN_EMPTY_BODY = YES;
				CLANG_WARN_ENUM_CONVERSION = YES;
				CLANG_WARN_INFINITE_RECURSION = YES;
				CLANG_WARN_INT_CONVERSION = YES;
				CLANG_WARN_NON_LITERAL_NULL_CONVERSION = YES;
				CLANG_WARN_OBJC_LITERAL_CONVERSION = YES;
				CLANG_WARN_OBJC_ROOT_CLASS = YES_ERROR;
				CLANG_WARN_RANGE_LOOP_ANALYSIS = YES;
				CLANG_WARN_STRICT_PROTOTYPES = YES;
				CLANG_WARN_SUSPICIOUS_MOVE = YES;
				CLANG_WARN_UNGUARDED_AVAILABILITY = YES_AGGRESSIVE;
				CLANG_WARN_UNREACHABLE_CODE = YES;
				CLANG_WARN__DUPLICATE_METHOD_MATCH = YES;
				CODE_SIGN_IDENTITY = "iPhone Developer";
				COPY_PHASE_STRIP = NO;
				DEBUG_INFORMATION_FORMAT = dwarf;
				ENABLE_STRICT_OBJC_MSGSEND = YES;
				ENABLE_TESTABILITY = YES;
				GCC_C_LANGUAGE_STANDARD = gnu11;
				GCC_DYNAMIC_NO_PIC = NO;
				GCC_NO_COMMON_BLOCKS = YES;
				GCC_OPTIMIZATION_LEVEL = 0;
				GCC_PREPROCESSOR_DEFINITIONS = (
					"DEBUG=1",
					"$(inherited)",
				);
				GCC_WARN_64_TO_32_BIT_CONVERSION = YES;
				GCC_WARN_ABOUT_RETURN_TYPE = YES_ERROR;
				GCC_WARN_UNDECLARED_SELECTOR = YES;
				GCC_WARN_UNINITIALIZED_AUTOS = YES_AGGRESSIVE;
				GCC_WARN_UNUSED_FUNCTION = YES;
				GCC_WARN_UNUSED_VARIABLE = YES;
				IPHONEOS_DEPLOYMENT_TARGET = 11.2;
				MTL_ENABLE_DEBUG_INFO = YES;
				ONLY_ACTIVE_ARCH = YES;
				SDKROOT = iphoneos;
				SWIFT_ACTIVE_COMPILATION_CONDITIONS = DEBUG;
				SWIFT_OPTIMIZATION_LEVEL = "-Onone";
			};
			name = Debug;
		};
		4F67CBF52031CFF600EFF4A2 /* Release */ = {
			isa = XCBuildConfiguration;
			buildSettings = {
				ALWAYS_SEARCH_USER_PATHS = NO;
				CLANG_ANALYZER_NONNULL = YES;
				CLANG_ANALYZER_NUMBER_OBJECT_CONVERSION = YES_AGGRESSIVE;
				CLANG_CXX_LANGUAGE_STANDARD = "gnu++14";
				CLANG_CXX_LIBRARY = "libc++";
				CLANG_ENABLE_MODULES = YES;
				CLANG_ENABLE_OBJC_ARC = YES;
				CLANG_WARN_BLOCK_CAPTURE_AUTORELEASING = YES;
				CLANG_WARN_BOOL_CONVERSION = YES;
				CLANG_WARN_COMMA = YES;
				CLANG_WARN_CONSTANT_CONVERSION = YES;
				CLANG_WARN_DIRECT_OBJC_ISA_USAGE = YES_ERROR;
				CLANG_WARN_DOCUMENTATION_COMMENTS = YES;
				CLANG_WARN_EMPTY_BODY = YES;
				CLANG_WARN_ENUM_CONVERSION = YES;
				CLANG_WARN_INFINITE_RECURSION = YES;
				CLANG_WARN_INT_CONVERSION = YES;
				CLANG_WARN_NON_LITERAL_NULL_CONVERSION = YES;
				CLANG_WARN_OBJC_LITERAL_CONVERSION = YES;
				CLANG_WARN_OBJC_ROOT_CLASS = YES_ERROR;
				CLANG_WARN_RANGE_LOOP_ANALYSIS = YES;
				CLANG_WARN_STRICT_PROTOTYPES = YES;
				CLANG_WARN_SUSPICIOUS_MOVE = YES;
				CLANG_WARN_UNGUARDED_AVAILABILITY = YES_AGGRESSIVE;
				CLANG_WARN_UNREACHABLE_CODE = YES;
				CLANG_WARN__DUPLICATE_METHOD_MATCH = YES;
				CODE_SIGN_IDENTITY = "iPhone Developer";
				COPY_PHASE_STRIP = NO;
				DEBUG_INFORMATION_FORMAT = "dwarf-with-dsym";
				ENABLE_NS_ASSERTIONS = NO;
				ENABLE_STRICT_OBJC_MSGSEND = YES;
				GCC_C_LANGUAGE_STANDARD = gnu11;
				GCC_NO_COMMON_BLOCKS = YES;
				GCC_WARN_64_TO_32_BIT_CONVERSION = YES;
				GCC_WARN_ABOUT_RETURN_TYPE = YES_ERROR;
				GCC_WARN_UNDECLARED_SELECTOR = YES;
				GCC_WARN_UNINITIALIZED_AUTOS = YES_AGGRESSIVE;
				GCC_WARN_UNUSED_FUNCTION = YES;
				GCC_WARN_UNUSED_VARIABLE = YES;
				IPHONEOS_DEPLOYMENT_TARGET = 11.2;
				MTL_ENABLE_DEBUG_INFO = NO;
				SDKROOT = iphoneos;
				SWIFT_OPTIMIZATION_LEVEL = "-Owholemodule";
				VALIDATE_PRODUCT = YES;
			};
			name = Release;
		};
		4F67CBF72031CFF600EFF4A2 /* Debug */ = {
			isa = XCBuildConfiguration;
			buildSettings = {
				ASSETCATALOG_COMPILER_APPICON_NAME = AppIcon;
				CODE_SIGN_STYLE = Automatic;
				DEVELOPMENT_TEAM = 48QAB2JHUQ;
				INFOPLIST_FILE = "Bip The Guy/Info.plist";
				LD_RUNPATH_SEARCH_PATHS = "$(inherited) @executable_path/Frameworks";
				PRODUCT_BUNDLE_IDENTIFIER = "com.noah.Bip-The-Guy";
				PRODUCT_NAME = "$(TARGET_NAME)";
				SWIFT_VERSION = 4.0;
				TARGETED_DEVICE_FAMILY = "1,2";
			};
			name = Debug;
		};
		4F67CBF82031CFF600EFF4A2 /* Release */ = {
			isa = XCBuildConfiguration;
			buildSettings = {
				ASSETCATALOG_COMPILER_APPICON_NAME = AppIcon;
				CODE_SIGN_STYLE = Automatic;
				DEVELOPMENT_TEAM = 48QAB2JHUQ;
				INFOPLIST_FILE = "Bip The Guy/Info.plist";
				LD_RUNPATH_SEARCH_PATHS = "$(inherited) @executable_path/Frameworks";
				PRODUCT_BUNDLE_IDENTIFIER = "com.noah.Bip-The-Guy";
				PRODUCT_NAME = "$(TARGET_NAME)";
				SWIFT_VERSION = 4.0;
				TARGETED_DEVICE_FAMILY = "1,2";
			};
			name = Release;
		};
		4F67CBFA2031CFF600EFF4A2 /* Debug */ = {
			isa = XCBuildConfiguration;
			buildSettings = {
				ALWAYS_EMBED_SWIFT_STANDARD_LIBRARIES = YES;
				BUNDLE_LOADER = "$(TEST_HOST)";
				CODE_SIGN_STYLE = Automatic;
				DEVELOPMENT_TEAM = 48QAB2JHUQ;
				INFOPLIST_FILE = "Bip The GuyTests/Info.plist";
				LD_RUNPATH_SEARCH_PATHS = "$(inherited) @executable_path/Frameworks @loader_path/Frameworks";
				PRODUCT_BUNDLE_IDENTIFIER = "com.noah.Bip-The-GuyTests";
				PRODUCT_NAME = "$(TARGET_NAME)";
				SWIFT_VERSION = 4.0;
				TARGETED_DEVICE_FAMILY = "1,2";
				TEST_HOST = "$(BUILT_PRODUCTS_DIR)/Bip The Guy.app/Bip The Guy";
			};
			name = Debug;
		};
		4F67CBFB2031CFF600EFF4A2 /* Release */ = {
			isa = XCBuildConfiguration;
			buildSettings = {
				ALWAYS_EMBED_SWIFT_STANDARD_LIBRARIES = YES;
				BUNDLE_LOADER = "$(TEST_HOST)";
				CODE_SIGN_STYLE = Automatic;
				DEVELOPMENT_TEAM = 48QAB2JHUQ;
				INFOPLIST_FILE = "Bip The GuyTests/Info.plist";
				LD_RUNPATH_SEARCH_PATHS = "$(inherited) @executable_path/Frameworks @loader_path/Frameworks";
				PRODUCT_BUNDLE_IDENTIFIER = "com.noah.Bip-The-GuyTests";
				PRODUCT_NAME = "$(TARGET_NAME)";
				SWIFT_VERSION = 4.0;
				TARGETED_DEVICE_FAMILY = "1,2";
				TEST_HOST = "$(BUILT_PRODUCTS_DIR)/Bip The Guy.app/Bip The Guy";
			};
			name = Release;
		};
/* End XCBuildConfiguration section */

/* Begin XCConfigurationList section */
		4F67CBD42031CFF600EFF4A2 /* Build configuration list for PBXProject "Bip The Guy" */ = {
			isa = XCConfigurationList;
			buildConfigurations = (
				4F67CBF42031CFF600EFF4A2 /* Debug */,
				4F67CBF52031CFF600EFF4A2 /* Release */,
			);
			defaultConfigurationIsVisible = 0;
			defaultConfigurationName = Release;
		};
		4F67CBF62031CFF600EFF4A2 /* Build configuration list for PBXNativeTarget "Bip The Guy" */ = {
			isa = XCConfigurationList;
			buildConfigurations = (
				4F67CBF72031CFF600EFF4A2 /* Debug */,
				4F67CBF82031CFF600EFF4A2 /* Release */,
			);
			defaultConfigurationIsVisible = 0;
			defaultConfigurationName = Release;
		};
		4F67CBF92031CFF600EFF4A2 /* Build configuration list for PBXNativeTarget "Bip The GuyTests" */ = {
			isa = XCConfigurationList;
			buildConfigurations = (
				4F67CBFA2031CFF600EFF4A2 /* Debug */,
				4F67CBFB2031CFF600EFF4A2 /* Release */,
			);
			defaultConfigurationIsVisible = 0;
			defaultConfigurationName = Release;
		};
/* End XCConfigurationList section */
	};
	rootObject = 4F67CBD12031CFF600EFF4A2 /* Project object */;
}
